// !$*UTF8*$!
{
	archiveVersion = 1;
	classes = {
	};
	objectVersion = 48;
	objects = {

/* Begin PBXBuildFile section */
		7735CAFB2113F92D00B185A5 /* LGHWeakProxy.m in Sources */ = {isa = PBXBuildFile; fileRef = 7735CAFA2113F92D00B185A5 /* LGHWeakProxy.m */; };
		7735CAFE2113FEB100B185A5 /* ThirdViewController.m in Sources */ = {isa = PBXBuildFile; fileRef = 7735CAFD2113FEB100B185A5 /* ThirdViewController.m */; };
		7735CB01211401C900B185A5 /* YYWeakProxy.m in Sources */ = {isa = PBXBuildFile; fileRef = 7735CB00211401C900B185A5 /* YYWeakProxy.m */; };
		77CEFEAA2113122B003ED74A /* AppDelegate.m in Sources */ = {isa = PBXBuildFile; fileRef = 77CEFEA92113122B003ED74A /* AppDelegate.m */; };
		77CEFEAD2113122B003ED74A /* ViewController.m in Sources */ = {isa = PBXBuildFile; fileRef = 77CEFEAC2113122B003ED74A /* ViewController.m */; };
		77CEFEB02113122B003ED74A /* Main.storyboard in Resources */ = {isa = PBXBuildFile; fileRef = 77CEFEAE2113122B003ED74A /* Main.storyboard */; };
		77CEFEB22113122B003ED74A /* Assets.xcassets in Resources */ = {isa = PBXBuildFile; fileRef = 77CEFEB12113122B003ED74A /* Assets.xcassets */; };
		77CEFEB52113122B003ED74A /* LaunchScreen.storyboard in Resources */ = {isa = PBXBuildFile; fileRef = 77CEFEB32113122B003ED74A /* LaunchScreen.storyboard */; };
		77CEFEB82113122B003ED74A /* main.m in Sources */ = {isa = PBXBuildFile; fileRef = 77CEFEB72113122B003ED74A /* main.m */; };
		77CEFEC22113122B003ED74A /* LGHWeakTimerTests.m in Sources */ = {isa = PBXBuildFile; fileRef = 77CEFEC12113122B003ED74A /* LGHWeakTimerTests.m */; };
		77CEFECD2113122B003ED74A /* LGHWeakTimerUITests.m in Sources */ = {isa = PBXBuildFile; fileRef = 77CEFECC2113122B003ED74A /* LGHWeakTimerUITests.m */; };
		77CEFEDD211312C9003ED74A /* NSTimer+Support.m in Sources */ = {isa = PBXBuildFile; fileRef = 77CEFEDC211312C9003ED74A /* NSTimer+Support.m */; };
		77CEFEE0211314CC003ED74A /* LGHWeakTimer.m in Sources */ = {isa = PBXBuildFile; fileRef = 77CEFEDF211314CC003ED74A /* LGHWeakTimer.m */; };
		77CEFEE3211324B1003ED74A /* FirstViewController.m in Sources */ = {isa = PBXBuildFile; fileRef = 77CEFEE2211324B1003ED74A /* FirstViewController.m */; };
		77CEFEE6211324C2003ED74A /* SecondViewController.m in Sources */ = {isa = PBXBuildFile; fileRef = 77CEFEE5211324C2003ED74A /* SecondViewController.m */; };
/* End PBXBuildFile section */

/* Begin PBXContainerItemProxy section */
		77CEFEBE2113122B003ED74A /* PBXContainerItemProxy */ = {
			isa = PBXContainerItemProxy;
			containerPortal = 77CEFE9D2113122B003ED74A /* Project object */;
			proxyType = 1;
			remoteGlobalIDString = 77CEFEA42113122B003ED74A;
			remoteInfo = LGHWeakTimer;
		};
		77CEFEC92113122B003ED74A /* PBXContainerItemProxy */ = {
			isa = PBXContainerItemProxy;
			containerPortal = 77CEFE9D2113122B003ED74A /* Project object */;
			proxyType = 1;
			remoteGlobalIDString = 77CEFEA42113122B003ED74A;
			remoteInfo = LGHWeakTimer;
		};
/* End PBXContainerItemProxy section */

/* Begin PBXFileReference section */
		7735CAF92113F92D00B185A5 /* LGHWeakProxy.h */ = {isa = PBXFileReference; lastKnownFileType = sourcecode.c.h; path = LGHWeakProxy.h; sourceTree = "<group>"; };
		7735CAFA2113F92D00B185A5 /* LGHWeakProxy.m */ = {isa = PBXFileReference; lastKnownFileType = sourcecode.c.objc; path = LGHWeakProxy.m; sourceTree = "<group>"; };
		7735CAFC2113FEB100B185A5 /* ThirdViewController.h */ = {isa = PBXFileReference; lastKnownFileType = sourcecode.c.h; path = ThirdViewController.h; sourceTree = "<group>"; };
		7735CAFD2113FEB100B185A5 /* ThirdViewController.m */ = {isa = PBXFileReference; lastKnownFileType = sourcecode.c.objc; path = ThirdViewController.m; sourceTree = "<group>"; };
		7735CAFF211401C900B185A5 /* YYWeakProxy.h */ = {isa = PBXFileReference; fileEncoding = 4; lastKnownFileType = sourcecode.c.h; path = YYWeakProxy.h; sourceTree = "<group>"; };
		7735CB00211401C900B185A5 /* YYWeakProxy.m */ = {isa = PBXFileReference; fileEncoding = 4; lastKnownFileType = sourcecode.c.objc; path = YYWeakProxy.m; sourceTree = "<group>"; };
		77CEFEA52113122B003ED74A /* LGHWeakTimer.app */ = {isa = PBXFileReference; explicitFileType = wrapper.application; includeInIndex = 0; path = LGHWeakTimer.app; sourceTree = BUILT_PRODUCTS_DIR; };
		77CEFEA82113122B003ED74A /* AppDelegate.h */ = {isa = PBXFileReference; lastKnownFileType = sourcecode.c.h; path = AppDelegate.h; sourceTree = "<group>"; };
		77CEFEA92113122B003ED74A /* AppDelegate.m */ = {isa = PBXFileReference; lastKnownFileType = sourcecode.c.objc; path = AppDelegate.m; sourceTree = "<group>"; };
		77CEFEAB2113122B003ED74A /* ViewController.h */ = {isa = PBXFileReference; lastKnownFileType = sourcecode.c.h; path = ViewController.h; sourceTree = "<group>"; };
		77CEFEAC2113122B003ED74A /* ViewController.m */ = {isa = PBXFileReference; lastKnownFileType = sourcecode.c.objc; path = ViewController.m; sourceTree = "<group>"; };
		77CEFEAF2113122B003ED74A /* Base */ = {isa = PBXFileReference; lastKnownFileType = file.storyboard; name = Base; path = Base.lproj/Main.storyboard; sourceTree = "<group>"; };
		77CEFEB12113122B003ED74A /* Assets.xcassets */ = {isa = PBXFileReference; lastKnownFileType = folder.assetcatalog; path = Assets.xcassets; sourceTree = "<group>"; };
		77CEFEB42113122B003ED74A /* Base */ = {isa = PBXFileReference; lastKnownFileType = file.storyboard; name = Base; path = Base.lproj/LaunchScreen.storyboard; sourceTree = "<group>"; };
		77CEFEB62113122B003ED74A /* Info.plist */ = {isa = PBXFileReference; lastKnownFileType = text.plist.xml; path = Info.plist; sourceTree = "<group>"; };
		77CEFEB72113122B003ED74A /* main.m */ = {isa = PBXFileReference; lastKnownFileType = sourcecode.c.objc; path = main.m; sourceTree = "<group>"; };
		77CEFEBD2113122B003ED74A /* LGHWeakTimerTests.xctest */ = {isa = PBXFileReference; explicitFileType = wrapper.cfbundle; includeInIndex = 0; path = LGHWeakTimerTests.xctest; sourceTree = BUILT_PRODUCTS_DIR; };
		77CEFEC12113122B003ED74A /* LGHWeakTimerTests.m */ = {isa = PBXFileReference; lastKnownFileType = sourcecode.c.objc; path = LGHWeakTimerTests.m; sourceTree = "<group>"; };
		77CEFEC32113122B003ED74A /* Info.plist */ = {isa = PBXFileReference; lastKnownFileType = text.plist.xml; path = Info.plist; sourceTree = "<group>"; };
		77CEFEC82113122B003ED74A /* LGHWeakTimerUITests.xctest */ = {isa = PBXFileReference; explicitFileType = wrapper.cfbundle; includeInIndex = 0; path = LGHWeakTimerUITests.xctest; sourceTree = BUILT_PRODUCTS_DIR; };
		77CEFECC2113122B003ED74A /* LGHWeakTimerUITests.m */ = {isa = PBXFileReference; lastKnownFileType = sourcecode.c.objc; path = LGHWeakTimerUITests.m; sourceTree = "<group>"; };
		77CEFECE2113122B003ED74A /* Info.plist */ = {isa = PBXFileReference; lastKnownFileType = text.plist.xml; path = Info.plist; sourceTree = "<group>"; };
		77CEFEDB211312C9003ED74A /* NSTimer+Support.h */ = {isa = PBXFileReference; lastKnownFileType = sourcecode.c.h; path = "NSTimer+Support.h"; sourceTree = "<group>"; };
		77CEFEDC211312C9003ED74A /* NSTimer+Support.m */ = {isa = PBXFileReference; lastKnownFileType = sourcecode.c.objc; path = "NSTimer+Support.m"; sourceTree = "<group>"; };
		77CEFEDE211314CC003ED74A /* LGHWeakTimer.h */ = {isa = PBXFileReference; lastKnownFileType = sourcecode.c.h; path = LGHWeakTimer.h; sourceTree = "<group>"; };
		77CEFEDF211314CC003ED74A /* LGHWeakTimer.m */ = {isa = PBXFileReference; lastKnownFileType = sourcecode.c.objc; path = LGHWeakTimer.m; sourceTree = "<group>"; };
		77CEFEE1211324B1003ED74A /* FirstViewController.h */ = {isa = PBXFileReference; lastKnownFileType = sourcecode.c.h; path = FirstViewController.h; sourceTree = "<group>"; };
		77CEFEE2211324B1003ED74A /* FirstViewController.m */ = {isa = PBXFileReference; lastKnownFileType = sourcecode.c.objc; path = FirstViewController.m; sourceTree = "<group>"; };
		77CEFEE4211324C2003ED74A /* SecondViewController.h */ = {isa = PBXFileReference; lastKnownFileType = sourcecode.c.h; path = SecondViewController.h; sourceTree = "<group>"; };
		77CEFEE5211324C2003ED74A /* SecondViewController.m */ = {isa = PBXFileReference; lastKnownFileType = sourcecode.c.objc; path = SecondViewController.m; sourceTree = "<group>"; };
/* End PBXFileReference section */

/* Begin PBXFrameworksBuildPhase section */
		77CEFEA22113122B003ED74A /* Frameworks */ = {
			isa = PBXFrameworksBuildPhase;
			buildActionMask = 2147483647;
			files = (
			);
			runOnlyForDeploymentPostprocessing = 0;
		};
		77CEFEBA2113122B003ED74A /* Frameworks */ = {
			isa = PBXFrameworksBuildPhase;
			buildActionMask = 2147483647;
			files = (
			);
			runOnlyForDeploymentPostprocessing = 0;
		};
		77CEFEC52113122B003ED74A /* Frameworks */ = {
			isa = PBXFrameworksBuildPhase;
			buildActionMask = 2147483647;
			files = (
			);
			runOnlyForDeploymentPostprocessing = 0;
		};
/* End PBXFrameworksBuildPhase section */

/* Begin PBXGroup section */
		77CEFE9C2113122B003ED74A = {
			isa = PBXGroup;
			children = (
				77CEFEA72113122B003ED74A /* LGHWeakTimer */,
				77CEFEC02113122B003ED74A /* LGHWeakTimerTests */,
				77CEFECB2113122B003ED74A /* LGHWeakTimerUITests */,
				77CEFEA62113122B003ED74A /* Products */,
			);
			sourceTree = "<group>";
		};
		77CEFEA62113122B003ED74A /* Products */ = {
			isa = PBXGroup;
			children = (
				77CEFEA52113122B003ED74A /* LGHWeakTimer.app */,
				77CEFEBD2113122B003ED74A /* LGHWeakTimerTests.xctest */,
				77CEFEC82113122B003ED74A /* LGHWeakTimerUITests.xctest */,
			);
			name = Products;
			sourceTree = "<group>";
		};
		77CEFEA72113122B003ED74A /* LGHWeakTimer */ = {
			isa = PBXGroup;
			children = (
				77CEFEDA2113123D003ED74A /* LGHWeakTimer */,
				77CEFEA82113122B003ED74A /* AppDelegate.h */,
				77CEFEA92113122B003ED74A /* AppDelegate.m */,
				77CEFEAB2113122B003ED74A /* ViewController.h */,
				77CEFEAC2113122B003ED74A /* ViewController.m */,
				77CEFEE1211324B1003ED74A /* FirstViewController.h */,
				77CEFEE2211324B1003ED74A /* FirstViewController.m */,
				77CEFEE4211324C2003ED74A /* SecondViewController.h */,
				77CEFEE5211324C2003ED74A /* SecondViewController.m */,
				7735CAFC2113FEB100B185A5 /* ThirdViewController.h */,
				7735CAFD2113FEB100B185A5 /* ThirdViewController.m */,
				77CEFEAE2113122B003ED74A /* Main.storyboard */,
				77CEFEB12113122B003ED74A /* Assets.xcassets */,
				77CEFEB32113122B003ED74A /* LaunchScreen.storyboard */,
				77CEFEB62113122B003ED74A /* Info.plist */,
				77CEFEB72113122B003ED74A /* main.m */,
			);
			path = LGHWeakTimer;
			sourceTree = "<group>";
		};
		77CEFEC02113122B003ED74A /* LGHWeakTimerTests */ = {
			isa = PBXGroup;
			children = (
				77CEFEC12113122B003ED74A /* LGHWeakTimerTests.m */,
				77CEFEC32113122B003ED74A /* Info.plist */,
			);
			path = LGHWeakTimerTests;
			sourceTree = "<group>";
		};
		77CEFECB2113122B003ED74A /* LGHWeakTimerUITests */ = {
			isa = PBXGroup;
			children = (
				77CEFECC2113122B003ED74A /* LGHWeakTimerUITests.m */,
				77CEFECE2113122B003ED74A /* Info.plist */,
			);
			path = LGHWeakTimerUITests;
			sourceTree = "<group>";
		};
		77CEFEDA2113123D003ED74A /* LGHWeakTimer */ = {
			isa = PBXGroup;
			children = (
				77CEFEDB211312C9003ED74A /* NSTimer+Support.h */,
				77CEFEDC211312C9003ED74A /* NSTimer+Support.m */,
				77CEFEDE211314CC003ED74A /* LGHWeakTimer.h */,
				77CEFEDF211314CC003ED74A /* LGHWeakTimer.m */,
				7735CAF92113F92D00B185A5 /* LGHWeakProxy.h */,
				7735CAFA2113F92D00B185A5 /* LGHWeakProxy.m */,
				7735CAFF211401C900B185A5 /* YYWeakProxy.h */,
				7735CB00211401C900B185A5 /* YYWeakProxy.m */,
			);
			path = LGHWeakTimer;
			sourceTree = "<group>";
		};
/* End PBXGroup section */

/* Begin PBXNativeTarget section */
		77CEFEA42113122B003ED74A /* LGHWeakTimer */ = {
			isa = PBXNativeTarget;
			buildConfigurationList = 77CEFED12113122B003ED74A /* Build configuration list for PBXNativeTarget "LGHWeakTimer" */;
			buildPhases = (
				77CEFEA12113122B003ED74A /* Sources */,
				77CEFEA22113122B003ED74A /* Frameworks */,
				77CEFEA32113122B003ED74A /* Resources */,
			);
			buildRules = (
			);
			dependencies = (
			);
			name = LGHWeakTimer;
			productName = LGHWeakTimer;
			productReference = 77CEFEA52113122B003ED74A /* LGHWeakTimer.app */;
			productType = "com.apple.product-type.application";
		};
		77CEFEBC2113122B003ED74A /* LGHWeakTimerTests */ = {
			isa = PBXNativeTarget;
			buildConfigurationList = 77CEFED42113122B003ED74A /* Build configuration list for PBXNativeTarget "LGHWeakTimerTests" */;
			buildPhases = (
				77CEFEB92113122B003ED74A /* Sources */,
				77CEFEBA2113122B003ED74A /* Frameworks */,
				77CEFEBB2113122B003ED74A /* Resources */,
			);
			buildRules = (
			);
			dependencies = (
				77CEFEBF2113122B003ED74A /* PBXTargetDependency */,
			);
			name = LGHWeakTimerTests;
			productName = LGHWeakTimerTests;
			productReference = 77CEFEBD2113122B003ED74A /* LGHWeakTimerTests.xctest */;
			productType = "com.apple.product-type.bundle.unit-test";
		};
		77CEFEC72113122B003ED74A /* LGHWeakTimerUITests */ = {
			isa = PBXNativeTarget;
			buildConfigurationList = 77CEFED72113122B003ED74A /* Build configuration list for PBXNativeTarget "LGHWeakTimerUITests" */;
			buildPhases = (
				77CEFEC42113122B003ED74A /* Sources */,
				77CEFEC52113122B003ED74A /* Frameworks */,
				77CEFEC62113122B003ED74A /* Resources */,
			);
			buildRules = (
			);
			dependencies = (
				77CEFECA2113122B003ED74A /* PBXTargetDependency */,
			);
			name = LGHWeakTimerUITests;
			productName = LGHWeakTimerUITests;
			productReference = 77CEFEC82113122B003ED74A /* LGHWeakTimerUITests.xctest */;
			productType = "com.apple.product-type.bundle.ui-testing";
		};
/* End PBXNativeTarget section */

/* Begin PBXProject section */
		77CEFE9D2113122B003ED74A /* Project object */ = {
			isa = PBXProject;
			attributes = {
				LastUpgradeCheck = 0920;
				ORGANIZATIONNAME = "刘观华";
				TargetAttributes = {
					77CEFEA42113122B003ED74A = {
						CreatedOnToolsVersion = 9.2;
						ProvisioningStyle = Automatic;
					};
					77CEFEBC2113122B003ED74A = {
						CreatedOnToolsVersion = 9.2;
						ProvisioningStyle = Automatic;
						TestTargetID = 77CEFEA42113122B003ED74A;
					};
					77CEFEC72113122B003ED74A = {
						CreatedOnToolsVersion = 9.2;
						ProvisioningStyle = Automatic;
						TestTargetID = 77CEFEA42113122B003ED74A;
					};
				};
			};
			buildConfigurationList = 77CEFEA02113122B003ED74A /* Build configuration list for PBXProject "LGHWeakTimer" */;
			compatibilityVersion = "Xcode 8.0";
			developmentRegion = en;
			hasScannedForEncodings = 0;
			knownRegions = (
				en,
				Base,
			);
			mainGroup = 77CEFE9C2113122B003ED74A;
			productRefGroup = 77CEFEA62113122B003ED74A /* Products */;
			projectDirPath = "";
			projectRoot = "";
			targets = (
				77CEFEA42113122B003ED74A /* LGHWeakTimer */,
				77CEFEBC2113122B003ED74A /* LGHWeakTimerTests */,
				77CEFEC72113122B003ED74A /* LGHWeakTimerUITests */,
			);
		};
/* End PBXProject section */

/* Begin PBXResourcesBuildPhase section */
		77CEFEA32113122B003ED74A /* Resources */ = {
			isa = PBXResourcesBuildPhase;
			buildActionMask = 2147483647;
			files = (
				77CEFEB52113122B003ED74A /* LaunchScreen.storyboard in Resources */,
				77CEFEB22113122B003ED74A /* Assets.xcassets in Resources */,
				77CEFEB02113122B003ED74A /* Main.storyboard in Resources */,
			);
			runOnlyForDeploymentPostprocessing = 0;
		};
		77CEFEBB2113122B003ED74A /* Resources */ = {
			isa = PBXResourcesBuildPhase;
			buildActionMask = 2147483647;
			files = (
			);
			runOnlyForDeploymentPostprocessing = 0;
		};
		77CEFEC62113122B003ED74A /* Resources */ = {
			isa = PBXResourcesBuildPhase;
			buildActionMask = 2147483647;
			files = (
			);
			runOnlyForDeploymentPostprocessing = 0;
		};
/* End PBXResourcesBuildPhase section */

/* Begin PBXSourcesBuildPhase section */
		77CEFEA12113122B003ED74A /* Sources */ = {
			isa = PBXSourcesBuildPhase;
			buildActionMask = 2147483647;
			files = (
				77CEFEAD2113122B003ED74A /* ViewController.m in Sources */,
				77CEFEE3211324B1003ED74A /* FirstViewController.m in Sources */,
				77CEFEE0211314CC003ED74A /* LGHWeakTimer.m in Sources */,
				7735CAFB2113F92D00B185A5 /* LGHWeakProxy.m in Sources */,
				7735CB01211401C900B185A5 /* YYWeakProxy.m in Sources */,
				77CEFEE6211324C2003ED74A /* SecondViewController.m in Sources */,
				7735CAFE2113FEB100B185A5 /* ThirdViewController.m in Sources */,
				77CEFEB82113122B003ED74A /* main.m in Sources */,
				77CEFEDD211312C9003ED74A /* NSTimer+Support.m in Sources */,
				77CEFEAA2113122B003ED74A /* AppDelegate.m in Sources */,
			);
			runOnlyForDeploymentPostprocessing = 0;
		};
		77CEFEB92113122B003ED74A /* Sources */ = {
			isa = PBXSourcesBuildPhase;
			buildActionMask = 2147483647;
			files = (
				77CEFEC22113122B003ED74A /* LGHWeakTimerTests.m in Sources */,
			);
			runOnlyForDeploymentPostprocessing = 0;
		};
		77CEFEC42113122B003ED74A /* Sources */ = {
			isa = PBXSourcesBuildPhase;
			buildActionMask = 2147483647;
			files = (
				77CEFECD2113122B003ED74A /* LGHWeakTimerUITests.m in Sources */,
			);
			runOnlyForDeploymentPostprocessing = 0;
		};
/* End PBXSourcesBuildPhase section */

/* Begin PBXTargetDependency section */
		77CEFEBF2113122B003ED74A /* PBXTargetDependency */ = {
			isa = PBXTargetDependency;
			target = 77CEFEA42113122B003ED74A /* LGHWeakTimer */;
			targetProxy = 77CEFEBE2113122B003ED74A /* PBXContainerItemProxy */;
		};
		77CEFECA2113122B003ED74A /* PBXTargetDependency */ = {
			isa = PBXTargetDependency;
			target = 77CEFEA42113122B003ED74A /* LGHWeakTimer */;
			targetProxy = 77CEFEC92113122B003ED74A /* PBXContainerItemProxy */;
		};
/* End PBXTargetDependency section */

/* Begin PBXVariantGroup section */
		77CEFEAE2113122B003ED74A /* Main.storyboard */ = {
			isa = PBXVariantGroup;
			children = (
				77CEFEAF2113122B003ED74A /* Base */,
			);
			name = Main.storyboard;
			sourceTree = "<group>";
		};
		77CEFEB32113122B003ED74A /* LaunchScreen.storyboard */ = {
			isa = PBXVariantGroup;
			children = (
				77CEFEB42113122B003ED74A /* Base */,
			);
			name = LaunchScreen.storyboard;
			sourceTree = "<group>";
		};
/* End PBXVariantGroup section */

/* Begin XCBuildConfiguration section */
		77CEFECF2113122B003ED74A /* Debug */ = {
			isa = XCBuildConfiguration;
			buildSettings = {
				ALWAYS_SEARCH_USER_PATHS = NO;
				CLANG_ANALYZER_NONNULL = YES;
				CLANG_ANALYZER_NUMBER_OBJECT_CONVERSION = YES_AGGRESSIVE;
				CLANG_CXX_LANGUAGE_STANDARD = "gnu++14";
				CLANG_CXX_LIBRARY = "libc++";
				CLANG_ENABLE_MODULES = YES;
				CLANG_ENABLE_OBJC_ARC = YES;
				CLANG_WARN_BLOCK_CAPTURE_AUTORELEASING = YES;
				CLANG_WARN_BOOL_CONVERSION = YES;
				CLANG_WARN_COMMA = YES;
				CLANG_WARN_CONSTANT_CONVERSION = YES;
				CLANG_WARN_DIRECT_OBJC_ISA_USAGE = YES_ERROR;
				CLANG_WARN_DOCUMENTATION_COMMENTS = YES;
				CLANG_WARN_EMPTY_BODY = YES;
				CLANG_WARN_ENUM_CONVERSION = YES;
				CLANG_WARN_INFINITE_RECURSION = YES;
				CLANG_WARN_INT_CONVERSION = YES;
				CLANG_WARN_NON_LITERAL_NULL_CONVERSION = YES;
				CLANG_WARN_OBJC_LITERAL_CONVERSION = YES;
				CLANG_WARN_OBJC_ROOT_CLASS = YES_ERROR;
				CLANG_WARN_RANGE_LOOP_ANALYSIS = YES;
				CLANG_WARN_STRICT_PROTOTYPES = YES;
				CLANG_WARN_SUSPICIOUS_MOVE = YES;
				CLANG_WARN_UNGUARDED_AVAILABILITY = YES_AGGRESSIVE;
				CLANG_WARN_UNREACHABLE_CODE = YES;
				CLANG_WARN__DUPLICATE_METHOD_MATCH = YES;
				CODE_SIGN_IDENTITY = "iPhone Developer";
				COPY_PHASE_STRIP = NO;
				DEBUG_INFORMATION_FORMAT = dwarf;
				ENABLE_STRICT_OBJC_MSGSEND = YES;
				ENABLE_TESTABILITY = YES;
				GCC_C_LANGUAGE_STANDARD = gnu11;
				GCC_DYNAMIC_NO_PIC = NO;
				GCC_NO_COMMON_BLOCKS = YES;
				GCC_OPTIMIZATION_LEVEL = 0;
				GCC_PREPROCESSOR_DEFINITIONS = (
					"DEBUG=1",
					"$(inherited)",
				);
				GCC_WARN_64_TO_32_BIT_CONVERSION = YES;
				GCC_WARN_ABOUT_RETURN_TYPE = YES_ERROR;
				GCC_WARN_UNDECLARED_SELECTOR = YES;
				GCC_WARN_UNINITIALIZED_AUTOS = YES_AGGRESSIVE;
				GCC_WARN_UNUSED_FUNCTION = YES;
				GCC_WARN_UNUSED_VARIABLE = YES;
				IPHONEOS_DEPLOYMENT_TARGET = 11.2;
				MTL_ENABLE_DEBUG_INFO = YES;
				ONLY_ACTIVE_ARCH = YES;
				SDKROOT = iphoneos;
			};
			name = Debug;
		};
		77CEFED02113122B003ED74A /* Release */ = {
			isa = XCBuildConfiguration;
			buildSettings = {
				ALWAYS_SEARCH_USER_PATHS = NO;
				CLANG_ANALYZER_NONNULL = YES;
				CLANG_ANALYZER_NUMBER_OBJECT_CONVERSION = YES_AGGRESSIVE;
				CLANG_CXX_LANGUAGE_STANDARD = "gnu++14";
				CLANG_CXX_LIBRARY = "libc++";
				CLANG_ENABLE_MODULES = YES;
				CLANG_ENABLE_OBJC_ARC = YES;
				CLANG_WARN_BLOCK_CAPTURE_AUTORELEASING = YES;
				CLANG_WARN_BOOL_CONVERSION = YES;
				CLANG_WARN_COMMA = YES;
				CLANG_WARN_CONSTANT_CONVERSION = YES;
				CLANG_WARN_DIRECT_OBJC_ISA_USAGE = YES_ERROR;
				CLANG_WARN_DOCUMENTATION_COMMENTS = YES;
				CLANG_WARN_EMPTY_BODY = YES;
				CLANG_WARN_ENUM_CONVERSION = YES;
				CLANG_WARN_INFINITE_RECURSION = YES;
				CLANG_WARN_INT_CONVERSION = YES;
				CLANG_WARN_NON_LITERAL_NULL_CONVERSION = YES;
				CLANG_WARN_OBJC_LITERAL_CONVERSION = YES;
				CLANG_WARN_OBJC_ROOT_CLASS = YES_ERROR;
				CLANG_WARN_RANGE_LOOP_ANALYSIS = YES;
				CLANG_WARN_STRICT_PROTOTYPES = YES;
				CLANG_WARN_SUSPICIOUS_MOVE = YES;
				CLANG_WARN_UNGUARDED_AVAILABILITY = YES_AGGRESSIVE;
				CLANG_WARN_UNREACHABLE_CODE = YES;
				CLANG_WARN__DUPLICATE_METHOD_MATCH = YES;
				CODE_SIGN_IDENTITY = "iPhone Developer";
				COPY_PHASE_STRIP = NO;
				DEBUG_INFORMATION_FORMAT = "dwarf-with-dsym";
				ENABLE_NS_ASSERTIONS = NO;
				ENABLE_STRICT_OBJC_MSGSEND = YES;
				GCC_C_LANGUAGE_STANDARD = gnu11;
				GCC_NO_COMMON_BLOCKS = YES;
				GCC_WARN_64_TO_32_BIT_CONVERSION = YES;
				GCC_WARN_ABOUT_RETURN_TYPE = YES_ERROR;
				GCC_WARN_UNDECLARED_SELECTOR = YES;
				GCC_WARN_UNINITIALIZED_AUTOS = YES_AGGRESSIVE;
				GCC_WARN_UNUSED_FUNCTION = YES;
				GCC_WARN_UNUSED_VARIABLE = YES;
				IPHONEOS_DEPLOYMENT_TARGET = 11.2;
				MTL_ENABLE_DEBUG_INFO = NO;
				SDKROOT = iphoneos;
				VALIDATE_PRODUCT = YES;
			};
			name = Release;
		};
		77CEFED22113122B003ED74A /* Debug */ = {
			isa = XCBuildConfiguration;
			buildSettings = {
				ASSETCATALOG_COMPILER_APPICON_NAME = AppIcon;
				CODE_SIGN_STYLE = Automatic;
				DEVELOPMENT_TEAM = 66M88PL895;
				INFOPLIST_FILE = LGHWeakTimer/Info.plist;
				LD_RUNPATH_SEARCH_PATHS = "$(inherited) @executable_path/Frameworks";
				PRODUCT_BUNDLE_IDENTIFIER = com.lgh.LGHWeakTimer;
				PRODUCT_NAME = "$(TARGET_NAME)";
				TARGETED_DEVICE_FAMILY = "1,2";
			};
			name = Debug;
		};
		77CEFED32113122B003ED74A /* Release */ = {
			isa = XCBuildConfiguration;
			buildSettings = {
				ASSETCATALOG_COMPILER_APPICON_NAME = AppIcon;
				CODE_SIGN_STYLE = Automatic;
				DEVELOPMENT_TEAM = 66M88PL895;
				INFOPLIST_FILE = LGHWeakTimer/Info.plist;
				LD_RUNPATH_SEARCH_PATHS = "$(inherited) @executable_path/Frameworks";
				PRODUCT_BUNDLE_IDENTIFIER = com.lgh.LGHWeakTimer;
				PRODUCT_NAME = "$(TARGET_NAME)";
				TARGETED_DEVICE_FAMILY = "1,2";
			};
			name = Release;
		};
		77CEFED52113122B003ED74A /* Debug */ = {
			isa = XCBuildConfiguration;
			buildSettings = {
				BUNDLE_LOADER = "$(TEST_HOST)";
				CODE_SIGN_STYLE = Automatic;
				DEVELOPMENT_TEAM = 66M88PL895;
				INFOPLIST_FILE = LGHWeakTimerTests/Info.plist;
				LD_RUNPATH_SEARCH_PATHS = "$(inherited) @executable_path/Frameworks @loader_path/Frameworks";
				PRODUCT_BUNDLE_IDENTIFIER = com.lgh.LGHWeakTimerTests;
				PRODUCT_NAME = "$(TARGET_NAME)";
				TARGETED_DEVICE_FAMILY = "1,2";
				TEST_HOST = "$(BUILT_PRODUCTS_DIR)/LGHWeakTimer.app/LGHWeakTimer";
			};
			name = Debug;
		};
		77CEFED62113122B003ED74A /* Release */ = {
			isa = XCBuildConfiguration;
			buildSettings = {
				BUNDLE_LOADER = "$(TEST_HOST)";
				CODE_SIGN_STYLE = Automatic;
				DEVELOPMENT_TEAM = 66M88PL895;
				INFOPLIST_FILE = LGHWeakTimerTests/Info.plist;
				LD_RUNPATH_SEARCH_PATHS = "$(inherited) @executable_path/Frameworks @loader_path/Frameworks";
				PRODUCT_BUNDLE_IDENTIFIER = com.lgh.LGHWeakTimerTests;
				PRODUCT_NAME = "$(TARGET_NAME)";
				TARGETED_DEVICE_FAMILY = "1,2";
				TEST_HOST = "$(BUILT_PRODUCTS_DIR)/LGHWeakTimer.app/LGHWeakTimer";
			};
			name = Release;
		};
		77CEFED82113122B003ED74A /* Debug */ = {
			isa = XCBuildConfiguration;
			buildSettings = {
				CODE_SIGN_STYLE = Automatic;
				DEVELOPMENT_TEAM = 66M88PL895;
				INFOPLIST_FILE = LGHWeakTimerUITests/Info.plist;
				LD_RUNPATH_SEARCH_PATHS = "$(inherited) @executable_path/Frameworks @loader_path/Frameworks";
				PRODUCT_BUNDLE_IDENTIFIER = com.lgh.LGHWeakTimerUITests;
				PRODUCT_NAME = "$(TARGET_NAME)";
				TARGETED_DEVICE_FAMILY = "1,2";
				TEST_TARGET_NAME = LGHWeakTimer;
			};
			name = Debug;
		};
		77CEFED92113122B003ED74A /* Release */ = {
			isa = XCBuildConfiguration;
			buildSettings = {
				CODE_SIGN_STYLE = Automatic;
				DEVELOPMENT_TEAM = 66M88PL895;
				INFOPLIST_FILE = LGHWeakTimerUITests/Info.plist;
				LD_RUNPATH_SEARCH_PATHS = "$(inherited) @executable_path/Frameworks @loader_path/Frameworks";
				PRODUCT_BUNDLE_IDENTIFIER = com.lgh.LGHWeakTimerUITests;
				PRODUCT_NAME = "$(TARGET_NAME)";
				TARGETED_DEVICE_FAMILY = "1,2";
				TEST_TARGET_NAME = LGHWeakTimer;
			};
			name = Release;
		};
/* End XCBuildConfiguration section */

/* Begin XCConfigurationList section */
		77CEFEA02113122B003ED74A /* Build configuration list for PBXProject "LGHWeakTimer" */ = {
			isa = XCConfigurationList;
			buildConfigurations = (
				77CEFECF2113122B003ED74A /* Debug */,
				77CEFED02113122B003ED74A /* Release */,
			);
			defaultConfigurationIsVisible = 0;
			defaultConfigurationName = Release;
		};
		77CEFED12113122B003ED74A /* Build configuration list for PBXNativeTarget "LGHWeakTimer" */ = {
			isa = XCConfigurationList;
			buildConfigurations = (
				77CEFED22113122B003ED74A /* Debug */,
				77CEFED32113122B003ED74A /* Release */,
			);
			defaultConfigurationIsVisible = 0;
			defaultConfigurationName = Release;
		};
		77CEFED42113122B003ED74A /* Build configuration list for PBXNativeTarget "LGHWeakTimerTests" */ = {
			isa = XCConfigurationList;
			buildConfigurations = (
				77CEFED52113122B003ED74A /* Debug */,
				77CEFED62113122B003ED74A /* Release */,
			);
			defaultConfigurationIsVisible = 0;
			defaultConfigurationName = Release;
		};
		77CEFED72113122B003ED74A /* Build configuration list for PBXNativeTarget "LGHWeakTimerUITests" */ = {
			isa = XCConfigurationList;
			buildConfigurations = (
				77CEFED82113122B003ED74A /* Debug */,
				77CEFED92113122B003ED74A /* Release */,
			);
			defaultConfigurationIsVisible = 0;
			defaultConfigurationName = Release;
		};
/* End XCConfigurationList section */
	};
	rootObject = 77CEFE9D2113122B003ED74A /* Project object */;
}
